
Microsoft Visual Studio Solution File, Format Version 12.00
# Visual Studio Version 17
VisualStudioVersion = 17.12.35527.113 d17.12
MinimumVisualStudioVersion = 10.0.40219.1
Project("{FAE04EC0-301F-11D3-BF4B-00C04F79EFBC}") = "ConsoleApp1", "ConsoleApp1.csproj", "{837CB676-5A63-4647-B46C-6A59850C8196}"
EndProject
Global
	GlobalSection(SolutionConfigurationPlatforms) = preSolution
		Debug|Any CPU = Debug|Any CPU
		Release|Any CPU = Release|Any CPU
	EndGlobalSection
	GlobalSection(ProjectConfigurationPlatforms) = postSolution
		{837CB676-5A63-4647-B46C-6A59850C8196}.Debug|Any CPU.ActiveCfg = Debug|Any CPU
		{837CB676-5A63-4647-B46C-6A59850C8196}.Debug|Any CPU.Build.0 = Debug|Any CPU
		{837CB676-5A63-4647-B46C-6A59850C8196}.Release|Any CPU.ActiveCfg = Release|Any CPU
		{837CB676-5A63-4647-B46C-6A59850C8196}.Release|Any CPU.Build.0 = Release|Any CPU
	EndGlobalSection
	GlobalSection(SolutionProperties) = preSolution
		HideSolutionNode = FALSE
	EndGlobalSection
EndGlobal
